
Microsoft Visual Studio Solution File, Format Version 12.00
# Visual Studio Version 16
VisualStudioVersion = 16.0.29728.190
MinimumVisualStudioVersion = 10.0.40219.1
Project("{FAE04EC0-301F-11D3-BF4B-00C04F79EFBC}") = "WebAWSCoreApplication", "WebAWSCoreApplication\WebAWSCoreApplication.csproj", "{5FECA7E5-5D82-4773-8F48-85A90A0F4DF1}"
EndProject
Global
	GlobalSection(SolutionConfigurationPlatforms) = preSolution
		Debug|Any CPU = Debug|Any CPU
		Release|Any CPU = Release|Any CPU
	EndGlobalSection
	GlobalSection(ProjectConfigurationPlatforms) = postSolution
		{5FECA7E5-5D82-4773-8F48-85A90A0F4DF1}.Debug|Any CPU.ActiveCfg = Debug|Any CPU
		{5FECA7E5-5D82-4773-8F48-85A90A0F4DF1}.Debug|Any CPU.Build.0 = Debug|Any CPU
		{5FECA7E5-5D82-4773-8F48-85A90A0F4DF1}.Release|Any CPU.ActiveCfg = Release|Any CPU
		{5FECA7E5-5D82-4773-8F48-85A90A0F4DF1}.Release|Any CPU.Build.0 = Release|Any CPU
	EndGlobalSection
	GlobalSection(SolutionProperties) = preSolution
		HideSolutionNode = FALSE
	EndGlobalSection
	GlobalSection(ExtensibilityGlobals) = postSolution
		SolutionGuid = {8DFACBB7-4540-4B83-A1D0-4D30F1FC1F02}
	EndGlobalSection
EndGlobal
